// !$*UTF8*$!
{
	archiveVersion = 1;
	classes = {
	};
	objectVersion = 50;
	objects = {

/* Begin PBXBuildFile section */
		C0684B2A262191EE00D8E1CE /* Data.swift in Sources */ = {isa = PBXBuildFile; fileRef = C0684B29262191EE00D8E1CE /* Data.swift */; };
		C0D0B58F2621639500BD10E7 /* AppDelegate.swift in Sources */ = {isa = PBXBuildFile; fileRef = C0D0B58E2621639500BD10E7 /* AppDelegate.swift */; };
		C0D0B5912621639500BD10E7 /* SceneDelegate.swift in Sources */ = {isa = PBXBuildFile; fileRef = C0D0B5902621639500BD10E7 /* SceneDelegate.swift */; };
		C0D0B5932621639500BD10E7 /* ContentView.swift in Sources */ = {isa = PBXBuildFile; fileRef = C0D0B5922621639500BD10E7 /* ContentView.swift */; };
		C0D0B5952621639600BD10E7 /* Assets.xcassets in Resources */ = {isa = PBXBuildFile; fileRef = C0D0B5942621639600BD10E7 /* Assets.xcassets */; };
		C0D0B5982621639600BD10E7 /* Preview Assets.xcassets in Resources */ = {isa = PBXBuildFile; fileRef = C0D0B5972621639600BD10E7 /* Preview Assets.xcassets */; };
		C0D0B59B2621639600BD10E7 /* LaunchScreen.storyboard in Resources */ = {isa = PBXBuildFile; fileRef = C0D0B5992621639600BD10E7 /* LaunchScreen.storyboard */; };
		C0D0B5A52621744000BD10E7 /* Home.swift in Sources */ = {isa = PBXBuildFile; fileRef = C0D0B5A42621744000BD10E7 /* Home.swift */; };
		E043A5B2262175A900E75603 /* CreatePost.swift in Sources */ = {isa = PBXBuildFile; fileRef = E043A5B1262175A900E75603 /* CreatePost.swift */; };
		E090A2F1262222F4008542C7 /* Activity.swift in Sources */ = {isa = PBXBuildFile; fileRef = E090A2F0262222F4008542C7 /* Activity.swift */; };
/* End PBXBuildFile section */

/* Begin PBXFileReference section */
		C0684B29262191EE00D8E1CE /* Data.swift */ = {isa = PBXFileReference; lastKnownFileType = sourcecode.swift; path = Data.swift; sourceTree = "<group>"; };
		C0D0B58B2621639500BD10E7 /* Gratitude.app */ = {isa = PBXFileReference; explicitFileType = wrapper.application; includeInIndex = 0; path = Gratitude.app; sourceTree = BUILT_PRODUCTS_DIR; };
		C0D0B58E2621639500BD10E7 /* AppDelegate.swift */ = {isa = PBXFileReference; lastKnownFileType = sourcecode.swift; path = AppDelegate.swift; sourceTree = "<group>"; };
		C0D0B5902621639500BD10E7 /* SceneDelegate.swift */ = {isa = PBXFileReference; lastKnownFileType = sourcecode.swift; path = SceneDelegate.swift; sourceTree = "<group>"; };
		C0D0B5922621639500BD10E7 /* ContentView.swift */ = {isa = PBXFileReference; lastKnownFileType = sourcecode.swift; path = ContentView.swift; sourceTree = "<group>"; };
		C0D0B5942621639600BD10E7 /* Assets.xcassets */ = {isa = PBXFileReference; lastKnownFileType = folder.assetcatalog; path = Assets.xcassets; sourceTree = "<group>"; };
		C0D0B5972621639600BD10E7 /* Preview Assets.xcassets */ = {isa = PBXFileReference; lastKnownFileType = folder.assetcatalog; path = "Preview Assets.xcassets"; sourceTree = "<group>"; };
		C0D0B59A2621639600BD10E7 /* Base */ = {isa = PBXFileReference; lastKnownFileType = file.storyboard; name = Base; path = Base.lproj/LaunchScreen.storyboard; sourceTree = "<group>"; };
		C0D0B59C2621639600BD10E7 /* Info.plist */ = {isa = PBXFileReference; lastKnownFileType = text.plist.xml; path = Info.plist; sourceTree = "<group>"; };
		C0D0B5A42621744000BD10E7 /* Home.swift */ = {isa = PBXFileReference; lastKnownFileType = sourcecode.swift; path = Home.swift; sourceTree = "<group>"; };
		E043A5B1262175A900E75603 /* CreatePost.swift */ = {isa = PBXFileReference; lastKnownFileType = sourcecode.swift; path = CreatePost.swift; sourceTree = "<group>"; };
		E090A2F0262222F4008542C7 /* Activity.swift */ = {isa = PBXFileReference; lastKnownFileType = sourcecode.swift; path = Activity.swift; sourceTree = "<group>"; };
/* End PBXFileReference section */

/* Begin PBXFrameworksBuildPhase section */
		C0D0B5882621639500BD10E7 /* Frameworks */ = {
			isa = PBXFrameworksBuildPhase;
			buildActionMask = 2147483647;
			files = (
			);
			runOnlyForDeploymentPostprocessing = 0;
		};
/* End PBXFrameworksBuildPhase section */

/* Begin PBXGroup section */
		C0684B28262191C900D8E1CE /* Models */ = {
			isa = PBXGroup;
			children = (
				C0684B29262191EE00D8E1CE /* Data.swift */,
			);
			path = Models;
			sourceTree = "<group>";
		};
		C0D0B5822621639500BD10E7 = {
			isa = PBXGroup;
			children = (
				C0D0B58D2621639500BD10E7 /* Gratitude */,
				C0D0B58C2621639500BD10E7 /* Products */,
			);
			sourceTree = "<group>";
		};
		C0D0B58C2621639500BD10E7 /* Products */ = {
			isa = PBXGroup;
			children = (
				C0D0B58B2621639500BD10E7 /* Gratitude.app */,
			);
			name = Products;
			sourceTree = "<group>";
		};
		C0D0B58D2621639500BD10E7 /* Gratitude */ = {
			isa = PBXGroup;
			children = (
				C0D0B58E2621639500BD10E7 /* AppDelegate.swift */,
				C0D0B5902621639500BD10E7 /* SceneDelegate.swift */,
				C0D0B5922621639500BD10E7 /* ContentView.swift */,
				C0684B28262191C900D8E1CE /* Models */,
				C0D0B5A32621742300BD10E7 /* Views */,
				C0D0B5942621639600BD10E7 /* Assets.xcassets */,
				C0D0B5992621639600BD10E7 /* LaunchScreen.storyboard */,
				C0D0B59C2621639600BD10E7 /* Info.plist */,
				C0D0B5962621639600BD10E7 /* Preview Content */,
			);
			path = Gratitude;
			sourceTree = "<group>";
		};
		C0D0B5962621639600BD10E7 /* Preview Content */ = {
			isa = PBXGroup;
			children = (
				C0D0B5972621639600BD10E7 /* Preview Assets.xcassets */,
			);
			path = "Preview Content";
			sourceTree = "<group>";
		};
		C0D0B5A32621742300BD10E7 /* Views */ = {
			isa = PBXGroup;
			children = (
				C0D0B5A42621744000BD10E7 /* Home.swift */,
				E043A5B1262175A900E75603 /* CreatePost.swift */,
				E090A2F0262222F4008542C7 /* Activity.swift */,
			);
			path = Views;
			sourceTree = "<group>";
		};
/* End PBXGroup section */

/* Begin PBXNativeTarget section */
		C0D0B58A2621639500BD10E7 /* Gratitude */ = {
			isa = PBXNativeTarget;
			buildConfigurationList = C0D0B59F2621639600BD10E7 /* Build configuration list for PBXNativeTarget "Gratitude" */;
			buildPhases = (
				C0D0B5872621639500BD10E7 /* Sources */,
				C0D0B5882621639500BD10E7 /* Frameworks */,
				C0D0B5892621639500BD10E7 /* Resources */,
			);
			buildRules = (
			);
			dependencies = (
			);
			name = Gratitude;
			productName = Gratitude;
			productReference = C0D0B58B2621639500BD10E7 /* Gratitude.app */;
			productType = "com.apple.product-type.application";
		};
/* End PBXNativeTarget section */

/* Begin PBXProject section */
		C0D0B5832621639500BD10E7 /* Project object */ = {
			isa = PBXProject;
			attributes = {
				LastSwiftUpdateCheck = 1240;
				LastUpgradeCheck = 1240;
				TargetAttributes = {
					C0D0B58A2621639500BD10E7 = {
						CreatedOnToolsVersion = 12.4;
					};
				};
			};
			buildConfigurationList = C0D0B5862621639500BD10E7 /* Build configuration list for PBXProject "Gratitude" */;
			compatibilityVersion = "Xcode 9.3";
			developmentRegion = en;
			hasScannedForEncodings = 0;
			knownRegions = (
				en,
				Base,
			);
			mainGroup = C0D0B5822621639500BD10E7;
			productRefGroup = C0D0B58C2621639500BD10E7 /* Products */;
			projectDirPath = "";
			projectRoot = "";
			targets = (
				C0D0B58A2621639500BD10E7 /* Gratitude */,
			);
		};
/* End PBXProject section */

/* Begin PBXResourcesBuildPhase section */
		C0D0B5892621639500BD10E7 /* Resources */ = {
			isa = PBXResourcesBuildPhase;
			buildActionMask = 2147483647;
			files = (
				C0D0B59B2621639600BD10E7 /* LaunchScreen.storyboard in Resources */,
				C0D0B5982621639600BD10E7 /* Preview Assets.xcassets in Resources */,
				C0D0B5952621639600BD10E7 /* Assets.xcassets in Resources */,
			);
			runOnlyForDeploymentPostprocessing = 0;
		};
/* End PBXResourcesBuildPhase section */

/* Begin PBXSourcesBuildPhase section */
		C0D0B5872621639500BD10E7 /* Sources */ = {
			isa = PBXSourcesBuildPhase;
			buildActionMask = 2147483647;
			files = (
				C0D0B58F2621639500BD10E7 /* AppDelegate.swift in Sources */,
				C0684B2A262191EE00D8E1CE /* Data.swift in Sources */,
				E090A2F1262222F4008542C7 /* Activity.swift in Sources */,
				C0D0B5912621639500BD10E7 /* SceneDelegate.swift in Sources */,
				C0D0B5A52621744000BD10E7 /* Home.swift in Sources */,
				E043A5B2262175A900E75603 /* CreatePost.swift in Sources */,
				C0D0B5932621639500BD10E7 /* ContentView.swift in Sources */,
			);
			runOnlyForDeploymentPostprocessing = 0;
		};
/* End PBXSourcesBuildPhase section */

/* Begin PBXVariantGroup section */
		C0D0B5992621639600BD10E7 /* LaunchScreen.storyboard */ = {
			isa = PBXVariantGroup;
			children = (
				C0D0B59A2621639600BD10E7 /* Base */,
			);
			name = LaunchScreen.storyboard;
			sourceTree = "<group>";
		};
/* End PBXVariantGroup section */

/* Begin XCBuildConfiguration section */
		C0D0B59D2621639600BD10E7 /* Debug */ = {
			isa = XCBuildConfiguration;
			buildSettings = {
				ALWAYS_SEARCH_USER_PATHS = NO;
				CLANG_ANALYZER_NONNULL = YES;
				CLANG_ANALYZER_NUMBER_OBJECT_CONVERSION = YES_AGGRESSIVE;
				CLANG_CXX_LANGUAGE_STANDARD = "gnu++14";
				CLANG_CXX_LIBRARY = "libc++";
				CLANG_ENABLE_MODULES = YES;
				CLANG_ENABLE_OBJC_ARC = YES;
				CLANG_ENABLE_OBJC_WEAK = YES;
				CLANG_WARN_BLOCK_CAPTURE_AUTORELEASING = YES;
				CLANG_WARN_BOOL_CONVERSION = YES;
				CLANG_WARN_COMMA = YES;
				CLANG_WARN_CONSTANT_CONVERSION = YES;
				CLANG_WARN_DEPRECATED_OBJC_IMPLEMENTATIONS = YES;
				CLANG_WARN_DIRECT_OBJC_ISA_USAGE = YES_ERROR;
				CLANG_WARN_DOCUMENTATION_COMMENTS = YES;
				CLANG_WARN_EMPTY_BODY = YES;
				CLANG_WARN_ENUM_CONVERSION = YES;
				CLANG_WARN_INFINITE_RECURSION = YES;
				CLANG_WARN_INT_CONVERSION = YES;
				CLANG_WARN_NON_LITERAL_NULL_CONVERSION = YES;
				CLANG_WARN_OBJC_IMPLICIT_RETAIN_SELF = YES;
				CLANG_WARN_OBJC_LITERAL_CONVERSION = YES;
				CLANG_WARN_OBJC_ROOT_CLASS = YES_ERROR;
				CLANG_WARN_QUOTED_INCLUDE_IN_FRAMEWORK_HEADER = YES;
				CLANG_WARN_RANGE_LOOP_ANALYSIS = YES;
				CLANG_WARN_STRICT_PROTOTYPES = YES;
				CLANG_WARN_SUSPICIOUS_MOVE = YES;
				CLANG_WARN_UNGUARDED_AVAILABILITY = YES_AGGRESSIVE;
				CLANG_WARN_UNREACHABLE_CODE = YES;
				CLANG_WARN__DUPLICATE_METHOD_MATCH = YES;
				COPY_PHASE_STRIP = NO;
				DEBUG_INFORMATION_FORMAT = dwarf;
				ENABLE_STRICT_OBJC_MSGSEND = YES;
				ENABLE_TESTABILITY = YES;
				GCC_C_LANGUAGE_STANDARD = gnu11;
				GCC_DYNAMIC_NO_PIC = NO;
				GCC_NO_COMMON_BLOCKS = YES;
				GCC_OPTIMIZATION_LEVEL = 0;
				GCC_PREPROCESSOR_DEFINITIONS = (
					"DEBUG=1",
					"$(inherited)",
				);
				GCC_WARN_64_TO_32_BIT_CONVERSION = YES;
				GCC_WARN_ABOUT_RETURN_TYPE = YES_ERROR;
				GCC_WARN_UNDECLARED_SELECTOR = YES;
				GCC_WARN_UNINITIALIZED_AUTOS = YES_AGGRESSIVE;
				GCC_WARN_UNUSED_FUNCTION = YES;
				GCC_WARN_UNUSED_VARIABLE = YES;
				IPHONEOS_DEPLOYMENT_TARGET = 14.4;
				MTL_ENABLE_DEBUG_INFO = INCLUDE_SOURCE;
				MTL_FAST_MATH = YES;
				ONLY_ACTIVE_ARCH = YES;
				SDKROOT = iphoneos;
				SWIFT_ACTIVE_COMPILATION_CONDITIONS = DEBUG;
				SWIFT_OPTIMIZATION_LEVEL = "-Onone";
			};
			name = Debug;
		};
		C0D0B59E2621639600BD10E7 /* Release */ = {
			isa = XCBuildConfiguration;
			buildSettings = {
				ALWAYS_SEARCH_USER_PATHS = NO;
				CLANG_ANALYZER_NONNULL = YES;
				CLANG_ANALYZER_NUMBER_OBJECT_CONVERSION = YES_AGGRESSIVE;
				CLANG_CXX_LANGUAGE_STANDARD = "gnu++14";
				CLANG_CXX_LIBRARY = "libc++";
				CLANG_ENABLE_MODULES = YES;
				CLANG_ENABLE_OBJC_ARC = YES;
				CLANG_ENABLE_OBJC_WEAK = YES;
				CLANG_WARN_BLOCK_CAPTURE_AUTORELEASING = YES;
				CLANG_WARN_BOOL_CONVERSION = YES;
				CLANG_WARN_COMMA = YES;
				CLANG_WARN_CONSTANT_CONVERSION = YES;
				CLANG_WARN_DEPRECATED_OBJC_IMPLEMENTATIONS = YES;
				CLANG_WARN_DIRECT_OBJC_ISA_USAGE = YES_ERROR;
				CLANG_WARN_DOCUMENTATION_COMMENTS = YES;
				CLANG_WARN_EMPTY_BODY = YES;
				CLANG_WARN_ENUM_CONVERSION = YES;
				CLANG_WARN_INFINITE_RECURSION = YES;
				CLANG_WARN_INT_CONVERSION = YES;
				CLANG_WARN_NON_LITERAL_NULL_CONVERSION = YES;
				CLANG_WARN_OBJC_IMPLICIT_RETAIN_SELF = YES;
				CLANG_WARN_OBJC_LITERAL_CONVERSION = YES;
				CLANG_WARN_OBJC_ROOT_CLASS = YES_ERROR;
				CLANG_WARN_QUOTED_INCLUDE_IN_FRAMEWORK_HEADER = YES;
				CLANG_WARN_RANGE_LOOP_ANALYSIS = YES;
				CLANG_WARN_STRICT_PROTOTYPES = YES;
				CLANG_WARN_SUSPICIOUS_MOVE = YES;
				CLANG_WARN_UNGUARDED_AVAILABILITY = YES_AGGRESSIVE;
				CLANG_WARN_UNREACHABLE_CODE = YES;
				CLANG_WARN__DUPLICATE_METHOD_MATCH = YES;
				COPY_PHASE_STRIP = NO;
				DEBUG_INFORMATION_FORMAT = "dwarf-with-dsym";
				ENABLE_NS_ASSERTIONS = NO;
				ENABLE_STRICT_OBJC_MSGSEND = YES;
				GCC_C_LANGUAGE_STANDARD = gnu11;
				GCC_NO_COMMON_BLOCKS = YES;
				GCC_WARN_64_TO_32_BIT_CONVERSION = YES;
				GCC_WARN_ABOUT_RETURN_TYPE = YES_ERROR;
				GCC_WARN_UNDECLARED_SELECTOR = YES;
				GCC_WARN_UNINITIALIZED_AUTOS = YES_AGGRESSIVE;
				GCC_WARN_UNUSED_FUNCTION = YES;
				GCC_WARN_UNUSED_VARIABLE = YES;
				IPHONEOS_DEPLOYMENT_TARGET = 14.4;
				MTL_ENABLE_DEBUG_INFO = NO;
				MTL_FAST_MATH = YES;
				SDKROOT = iphoneos;
				SWIFT_COMPILATION_MODE = wholemodule;
				SWIFT_OPTIMIZATION_LEVEL = "-O";
				VALIDATE_PRODUCT = YES;
			};
			name = Release;
		};
		C0D0B5A02621639600BD10E7 /* Debug */ = {
			isa = XCBuildConfiguration;
			buildSettings = {
				ASSETCATALOG_COMPILER_APPICON_NAME = AppIcon;
				ASSETCATALOG_COMPILER_GLOBAL_ACCENT_COLOR_NAME = AccentColor;
				CODE_SIGN_STYLE = Automatic;
				DEVELOPMENT_ASSET_PATHS = "\"Gratitude/Preview Content\"";
				ENABLE_PREVIEWS = YES;
				INFOPLIST_FILE = Gratitude/Info.plist;
				LD_RUNPATH_SEARCH_PATHS = (
					"$(inherited)",
					"@executable_path/Frameworks",
				);
				PRODUCT_BUNDLE_IDENTIFIER = gratitude.Gratitude;
				PRODUCT_NAME = "$(TARGET_NAME)";
				SWIFT_VERSION = 5.0;
				TARGETED_DEVICE_FAMILY = "1,2";
			};
			name = Debug;
		};
		C0D0B5A12621639600BD10E7 /* Release */ = {
			isa = XCBuildConfiguration;
			buildSettings = {
				ASSETCATALOG_COMPILER_APPICON_NAME = AppIcon;
				ASSETCATALOG_COMPILER_GLOBAL_ACCENT_COLOR_NAME = AccentColor;
				CODE_SIGN_STYLE = Automatic;
				DEVELOPMENT_ASSET_PATHS = "\"Gratitude/Preview Content\"";
				ENABLE_PREVIEWS = YES;
				INFOPLIST_FILE = Gratitude/Info.plist;
				LD_RUNPATH_SEARCH_PATHS = (
					"$(inherited)",
					"@executable_path/Frameworks",
				);
				PRODUCT_BUNDLE_IDENTIFIER = gratitude.Gratitude;
				PRODUCT_NAME = "$(TARGET_NAME)";
				SWIFT_VERSION = 5.0;
				TARGETED_DEVICE_FAMILY = "1,2";
			};
			name = Release;
		};
/* End XCBuildConfiguration section */

/* Begin XCConfigurationList section */
		C0D0B5862621639500BD10E7 /* Build configuration list for PBXProject "Gratitude" */ = {
			isa = XCConfigurationList;
			buildConfigurations = (
				C0D0B59D2621639600BD10E7 /* Debug */,
				C0D0B59E2621639600BD10E7 /* Release */,
			);
			defaultConfigurationIsVisible = 0;
			defaultConfigurationName = Release;
		};
		C0D0B59F2621639600BD10E7 /* Build configuration list for PBXNativeTarget "Gratitude" */ = {
			isa = XCConfigurationList;
			buildConfigurations = (
				C0D0B5A02621639600BD10E7 /* Debug */,
				C0D0B5A12621639600BD10E7 /* Release */,
			);
			defaultConfigurationIsVisible = 0;
			defaultConfigurationName = Release;
		};
/* End XCConfigurationList section */
	};
	rootObject = C0D0B5832621639500BD10E7 /* Project object */;
}
